
Microsoft Visual Studio Solution File, Format Version 12.00
# Visual Studio Version 16
VisualStudioVersion = 16.0.31112.23
MinimumVisualStudioVersion = 10.0.40219.1
Project("{9A19103F-16F7-4668-BE54-9A1E7A4F7556}") = "DndCharacter", "DndCharacter.csproj", "{D2FB79E3-E158-4693-9A40-03A82953A17F}"
EndProject
Global
	GlobalSection(SolutionConfigurationPlatforms) = preSolution
		Debug|Any CPU = Debug|Any CPU
		Release|Any CPU = Release|Any CPU
	EndGlobalSection
	GlobalSection(ProjectConfigurationPlatforms) = postSolution
		{D2FB79E3-E158-4693-9A40-03A82953A17F}.Debug|Any CPU.ActiveCfg = Debug|Any CPU
		{D2FB79E3-E158-4693-9A40-03A82953A17F}.Debug|Any CPU.Build.0 = Debug|Any CPU
		{D2FB79E3-E158-4693-9A40-03A82953A17F}.Release|Any CPU.ActiveCfg = Release|Any CPU
		{D2FB79E3-E158-4693-9A40-03A82953A17F}.Release|Any CPU.Build.0 = Release|Any CPU
	EndGlobalSection
	GlobalSection(SolutionProperties) = preSolution
		HideSolutionNode = FALSE
	EndGlobalSection
	GlobalSection(ExtensibilityGlobals) = postSolution
		SolutionGuid = {82361272-B9FC-4213-8039-63C54B3C608D}
	EndGlobalSection
EndGlobal
